
Microsoft Visual Studio Solution File, Format Version 12.00
# Visual Studio Version 17
VisualStudioVersion = 17.0.31903.59
MinimumVisualStudioVersion = 10.0.40219.1
Project("{9A19103F-16F7-4668-BE54-9A1E7A4F7556}") = "MyBinaryTree", "MyBinaryTree\MyBinaryTree.csproj", "{EE1EB0D6-80EF-4177-9769-A2488195F1CB}"
EndProject
Project("{FAE04EC0-301F-11D3-BF4B-00C04F79EFBC}") = "MyBinarySearchTree", "MyBinarySearchTree\MyBinarySearchTree.csproj", "{8F61D2BB-70AE-4BD3-9EB4-2E1A8F0CC156}"
EndProject
Global
	GlobalSection(SolutionConfigurationPlatforms) = preSolution
		Debug|Any CPU = Debug|Any CPU
		Release|Any CPU = Release|Any CPU
	EndGlobalSection
	GlobalSection(ProjectConfigurationPlatforms) = postSolution
		{EE1EB0D6-80EF-4177-9769-A2488195F1CB}.Debug|Any CPU.ActiveCfg = Debug|Any CPU
		{EE1EB0D6-80EF-4177-9769-A2488195F1CB}.Debug|Any CPU.Build.0 = Debug|Any CPU
		{EE1EB0D6-80EF-4177-9769-A2488195F1CB}.Release|Any CPU.ActiveCfg = Release|Any CPU
		{EE1EB0D6-80EF-4177-9769-A2488195F1CB}.Release|Any CPU.Build.0 = Release|Any CPU
		{8F61D2BB-70AE-4BD3-9EB4-2E1A8F0CC156}.Debug|Any CPU.ActiveCfg = Debug|Any CPU
		{8F61D2BB-70AE-4BD3-9EB4-2E1A8F0CC156}.Debug|Any CPU.Build.0 = Debug|Any CPU
		{8F61D2BB-70AE-4BD3-9EB4-2E1A8F0CC156}.Release|Any CPU.ActiveCfg = Release|Any CPU
		{8F61D2BB-70AE-4BD3-9EB4-2E1A8F0CC156}.Release|Any CPU.Build.0 = Release|Any CPU
	EndGlobalSection
	GlobalSection(SolutionProperties) = preSolution
		HideSolutionNode = FALSE
	EndGlobalSection
	GlobalSection(ExtensibilityGlobals) = postSolution
		SolutionGuid = {8AE958FD-3078-4A36-A385-AF89B8277076}
	EndGlobalSection
EndGlobal
